{
  "name": "log-send",
  "version": "0.1.0",
  "lockfileVersion": 1,
  "requires": true,
  "dependencies": {
    "applescript": {
      "version": "1.0.0",
      "resolved": "https://registry.npmjs.org/applescript/-/applescript-1.0.0.tgz",
      "integrity": "sha1-u4evVoytA0pOSMS9r2Bno6JwExc="
    },
    "auto-launch": {
      "version": "5.0.5",
      "resolved": "https://registry.npmjs.org/auto-launch/-/auto-launch-5.0.5.tgz",
      "integrity": "sha512-ppdF4mihhYzMYLuCcx9H/c5TUOCev8uM7en53zWVQhyYAJrurd2bFZx3qQVeJKF2jrc7rsPRNN5cD+i23l6PdA==",
      "requires": {
        "applescript": "^1.0.0",
        "mkdirp": "^0.5.1",
        "path-is-absolute": "^1.0.0",
        "untildify": "^3.0.2",
        "winreg": "1.2.4"
      }
    },
    "minimist": {
      "version": "1.2.5",
      "resolved": "https://registry.npmjs.org/minimist/-/minimist-1.2.5.tgz",
      "integrity": "sha512-FM9nNUYrRBAELZQT3xeZQ7fmMOBg6nWNmJKTcgsJeaLstP/UODVpGsr5OhXhhXg6f+qtJ8uiZ+PUxkDWcgIXLw=="
    },
    "mkdirp": {
      "version": "0.5.5",
      "resolved": "https://registry.npmjs.org/mkdirp/-/mkdirp-0.5.5.tgz",
      "integrity": "sha512-NKmAlESf6jMGym1++R0Ra7wvhV+wFW63FaSOFPwRahvea0gMUcGUhVeAg/0BC0wiv9ih5NYPB1Wn1UEI1/L+xQ==",
      "requires": {
        "minimist": "^1.2.5"
      }
    },
    "nodemailer": {
      "version": "6.5.0",
      "resolved": "https://registry.npmjs.org/nodemailer/-/nodemailer-6.5.0.tgz",
      "integrity": "sha512-Tm4RPrrIZbnqDKAvX+/4M+zovEReiKlEXWDzG4iwtpL9X34MJY+D5LnQPH/+eghe8DLlAVshHAJZAZWBGhkguw=="
    },
    "path-is-absolute": {
      "version": "1.0.1",
      "resolved": "https://registry.npmjs.org/path-is-absolute/-/path-is-absolute-1.0.1.tgz",
      "integrity": "sha1-F0uSaHNVNP+8es5r9TpanhtcX18="
    },
    "untildify": {
      "version": "3.0.3",
      "resolved": "https://registry.npmjs.org/untildify/-/untildify-3.0.3.tgz",
      "integrity": "sha512-iSk/J8efr8uPT/Z4eSUywnqyrQU7DSdMfdqK4iWEaUVVmcP5JcnpRqmVMwcwcnmI1ATFNgC5V90u09tBynNFKA=="
    },
    "winreg": {
      "version": "1.2.4",
      "resolved": "https://registry.npmjs.org/winreg/-/winreg-1.2.4.tgz",
      "integrity": "sha1-ugZWKbepJRMOFXeRCM9UCZDpjRs="
    }
  }
}
